
Microsoft Visual Studio Solution File, Format Version 12.00
# Visual Studio Version 16
VisualStudioVersion = 16.0.31613.86
MinimumVisualStudioVersion = 10.0.40219.1
Project("{9A19103F-16F7-4668-BE54-9A1E7A4F7556}") = "TodoList.Api", "TodoList.Api\TodoList.Api.csproj", "{065CE954-2618-4A24-A613-9C336C2154C6}"
EndProject
Project("{FAE04EC0-301F-11D3-BF4B-00C04F79EFBC}") = "TodoList.Api.UnitTests", "TodoList.Api.UnitTests\TodoList.Api.UnitTests.csproj", "{2BBBFEED-85B6-4361-85B2-F9E08C86C55B}"
EndProject
Project("{459CF720-4E6A-4E0B-ACD9-9831BA540AC3}") = "TodoList.Repository.EF", "TodoList.Repository.EF\TodoList.Repository.EF.csproj", "{F35ED7D1-092D-472E-B4EC-A0BD3E2F20D9}"
EndProject
Project("{04A43189-653A-4865-99D4-1741BC3E06EF}") = "TodoList.Repository.Contract", "TodoList.Repository.Contract\TodoList.Repository.Contract.csproj", "{EDA4CDC8-7D9B-4AD0-BD7D-1C66773C0C76}"
EndProject
Global
	GlobalSection(SolutionConfigurationPlatforms) = preSolution
		Debug|Any CPU = Debug|Any CPU
		Release|Any CPU = Release|Any CPU
	EndGlobalSection
	GlobalSection(ProjectConfigurationPlatforms) = postSolution
		{065CE954-2618-4A24-A613-9C336C2154C6}.Debug|Any CPU.ActiveCfg = Debug|Any CPU
		{065CE954-2618-4A24-A613-9C336C2154C6}.Debug|Any CPU.Build.0 = Debug|Any CPU
		{065CE954-2618-4A24-A613-9C336C2154C6}.Release|Any CPU.ActiveCfg = Release|Any CPU
		{065CE954-2618-4A24-A613-9C336C2154C6}.Release|Any CPU.Build.0 = Release|Any CPU
		{2BBBFEED-85B6-4361-85B2-F9E08C86C55B}.Debug|Any CPU.ActiveCfg = Debug|Any CPU
		{2BBBFEED-85B6-4361-85B2-F9E08C86C55B}.Debug|Any CPU.Build.0 = Debug|Any CPU
		{2BBBFEED-85B6-4361-85B2-F9E08C86C55B}.Release|Any CPU.ActiveCfg = Release|Any CPU
		{2BBBFEED-85B6-4361-85B2-F9E08C86C55B}.Release|Any CPU.Build.0 = Release|Any CPU
		{F35ED7D1-092D-472E-B4EC-A0BD3E2F20D9}.Debug|Any CPU.ActiveCfg = Debug|Any CPU
		{F35ED7D1-092D-472E-B4EC-A0BD3E2F20D9}.Debug|Any CPU.Build.0 = Debug|Any CPU
		{F35ED7D1-092D-472E-B4EC-A0BD3E2F20D9}.Release|Any CPU.ActiveCfg = Release|Any CPU
		{F35ED7D1-092D-472E-B4EC-A0BD3E2F20D9}.Release|Any CPU.Build.0 = Release|Any CPU
		{EDA4CDC8-7D9B-4AD0-BD7D-1C66773C0C76}.Debug|Any CPU.ActiveCfg = Debug|Any CPU
		{EDA4CDC8-7D9B-4AD0-BD7D-1C66773C0C76}.Debug|Any CPU.Build.0 = Debug|Any CPU
		{EDA4CDC8-7D9B-4AD0-BD7D-1C66773C0C76}.Release|Any CPU.ActiveCfg = Release|Any CPU
		{EDA4CDC8-7D9B-4AD0-BD7D-1C66773C0C76}.Release|Any CPU.Build.0 = Release|Any CPU
	EndGlobalSection
	GlobalSection(SolutionProperties) = preSolution
		HideSolutionNode = FALSE
	EndGlobalSection
	GlobalSection(ExtensibilityGlobals) = postSolution
		SolutionGuid = {061F7879-5D14-4C5E-A4A9-782C6FEB1132}
	EndGlobalSection
EndGlobal
